<?xml version="1.0" encoding="utf-8"?>
<Project ToolsVersion="4.0" xmlns="http://schemas.microsoft.com/developer/msbuild/2003">
  <ItemGroup>
    <Filter Include="Source Files">
      <UniqueIdentifier>{4FC737F1-C7A5-4376-A066-2A32D752A2FF}</UniqueIdentifier>
      <Extensions>cpp;c;cc;cxx;def;odl;idl;hpj;bat;asm;asmx</Extensions>
    </Filter>
    <Filter Include="Header Files">
      <UniqueIdentifier>{93995380-89BD-4b04-88EB-625FBE52EBFB}</UniqueIdentifier>
      <Extensions>h;hh;hpp;hxx;hm;inl;inc;xsd</Extensions>
    </Filter>
    <Filter Include="Implementation Files">
      <UniqueIdentifier>{333c0e34-a967-4186-a18e-a34d3170da83}</UniqueIdentifier>
    </Filter>
    <Filter Include="Header Files\Log">
      <UniqueIdentifier>{5577c15a-e349-4c8a-8b8a-794feb612d39}</UniqueIdentifier>
    </Filter>
    <Filter Include="Source Files\Log">
      <UniqueIdentifier>{2241bf1b-05b3-4554-964d-4aa8238ff432}</UniqueIdentifier>
    </Filter>
    <Filter Include="Header Files\Module">
      <UniqueIdentifier>{9196fb48-172d-4a77-89af-11ab7292cff0}</UniqueIdentifier>
    </Filter>
    <Filter Include="Implementation Files\Module">
      <UniqueIdentifier>{35c9baef-f332-4048-ab45-20a7299c3da7}</UniqueIdentifier>
    </Filter>
    <Filter Include="Source Files\Module">
      <UniqueIdentifier>{02d0592a-9e79-4be2-a924-8b1dca26bd55}</UniqueIdentifier>
    </Filter>
  </ItemGroup>
  <ItemGroup>
    <ClInclude Include="..\..\src\Application.hh">
      <Filter>Header Files</Filter>
    </ClInclude>
    <ClInclude Include="..\..\src\Exception.hh">
      <Filter>Header Files</Filter>
    </ClInclude>
    <ClInclude Include="..\..\src\Log.hh">
      <Filter>Header Files</Filter>
    </ClInclude>
    <ClInclude Include="..\..\src\PNG.hh">
      <Filter>Header Files</Filter>
    </ClInclude>
    <ClInclude Include="..\..\src\String.hh">
      <Filter>Header Files</Filter>
    </ClInclude>
    <ClInclude Include="..\..\src\Exception.impl.hh">
      <Filter>Implementation Files</Filter>
    </ClInclude>
    <ClInclude Include="..\..\src\Log\Init.hh">
      <Filter>Header Files\Log</Filter>
    </ClInclude>
    <ClInclude Include="..\..\src\Log\Logger.hh">
      <Filter>Header Files\Log</Filter>
    </ClInclude>
    <ClInclude Include="..\..\src\Log\Severity.hh">
      <Filter>Header Files\Log</Filter>
    </ClInclude>
    <ClInclude Include="..\..\src\Event.hh">
      <Filter>Header Files</Filter>
    </ClInclude>
    <ClInclude Include="..\..\src\Import.hh">
      <Filter>Header Files</Filter>
    </ClInclude>
    <ClInclude Include="..\..\src\Module.hh">
      <Filter>Header Files</Filter>
    </ClInclude>
    <ClInclude Include="..\..\src\Import.impl.hh">
      <Filter>Implementation Files</Filter>
    </ClInclude>
    <ClInclude Include="..\..\src\Module.impl.hh">
      <Filter>Implementation Files</Filter>
    </ClInclude>
    <ClInclude Include="..\..\src\Module\DllModule.hh">
      <Filter>Header Files\Module</Filter>
    </ClInclude>
    <ClInclude Include="..\..\src\Module\DllModule.impl.hh">
      <Filter>Implementation Files\Module</Filter>
    </ClInclude>
  </ItemGroup>
  <ItemGroup>
    <ClCompile Include="..\..\src\Application.cc">
      <Filter>Source Files</Filter>
    </ClCompile>
    <ClCompile Include="..\..\src\Exception.cc">
      <Filter>Source Files</Filter>
    </ClCompile>
    <ClCompile Include="..\..\src\PNG.cc">
      <Filter>Source Files</Filter>
    </ClCompile>
    <ClCompile Include="..\..\src\Log\Init.cc">
      <Filter>Source Files\Log</Filter>
    </ClCompile>
    <ClCompile Include="..\..\src\Log\Logger.cc">
      <Filter>Source Files\Log</Filter>
    </ClCompile>
    <ClCompile Include="..\..\src\Log\Severity.cc">
      <Filter>Source Files\Log</Filter>
    </ClCompile>
    <ClCompile Include="..\..\src\String.cc">
      <Filter>Source Files</Filter>
    </ClCompile>
    <ClCompile Include="..\..\src\Event.cc">
      <Filter>Source Files</Filter>
    </ClCompile>
    <ClCompile Include="..\..\src\Module.cc">
      <Filter>Source Files</Filter>
    </ClCompile>
    <ClCompile Include="..\..\src\Module\DllModule.cc">
      <Filter>Source Files\Module</Filter>
    </ClCompile>
  </ItemGroup>
</Project>