
Microsoft Visual Studio Solution File, Format Version 12.00
# Visual Studio 15
VisualStudioVersion = 15.0.26730.16
MinimumVisualStudioVersion = 10.0.40219.1
Project("{8BC9CEB8-8B4A-11D0-8D11-00A0C91BC942}") = "Entropy", "Entropy\Entropy.vcxproj", "{25B626B2-690C-4EEE-A3A9-2AA486E31542}"
EndProject
Project("{8BC9CEB8-8B4A-11D0-8D11-00A0C91BC942}") = "EntropyTests", "EntropyTests\EntropyTests.vcxproj", "{EB7B5B52-C171-4CC1-BA81-2D8DC788DADA}"
	ProjectSection(ProjectDependencies) = postProject
		{262D8FDF-D69D-4204-9144-54F92756D021} = {262D8FDF-D69D-4204-9144-54F92756D021}
	EndProjectSection
EndProject
Project("{8BC9CEB8-8B4A-11D0-8D11-00A0C91BC942}") = "EntropyTestsModule", "C:\Users\malinka\Source\Repos\Entropy\win\EntropyTestsModule\EntropyTestsModule.vcxproj", "{262D8FDF-D69D-4204-9144-54F92756D021}"
EndProject
Global
	GlobalSection(SolutionConfigurationPlatforms) = preSolution
		Debug|x64 = Debug|x64
		Debug|x86 = Debug|x86
		Release|x64 = Release|x64
		Release|x86 = Release|x86
	EndGlobalSection
	GlobalSection(ProjectConfigurationPlatforms) = postSolution
		{25B626B2-690C-4EEE-A3A9-2AA486E31542}.Debug|x64.ActiveCfg = Debug|x64
		{25B626B2-690C-4EEE-A3A9-2AA486E31542}.Debug|x64.Build.0 = Debug|x64
		{25B626B2-690C-4EEE-A3A9-2AA486E31542}.Debug|x86.ActiveCfg = Debug|Win32
		{25B626B2-690C-4EEE-A3A9-2AA486E31542}.Debug|x86.Build.0 = Debug|Win32
		{25B626B2-690C-4EEE-A3A9-2AA486E31542}.Release|x64.ActiveCfg = Release|x64
		{25B626B2-690C-4EEE-A3A9-2AA486E31542}.Release|x64.Build.0 = Release|x64
		{25B626B2-690C-4EEE-A3A9-2AA486E31542}.Release|x86.ActiveCfg = Release|Win32
		{25B626B2-690C-4EEE-A3A9-2AA486E31542}.Release|x86.Build.0 = Release|Win32
		{EB7B5B52-C171-4CC1-BA81-2D8DC788DADA}.Debug|x64.ActiveCfg = Debug|x64
		{EB7B5B52-C171-4CC1-BA81-2D8DC788DADA}.Debug|x64.Build.0 = Debug|x64
		{EB7B5B52-C171-4CC1-BA81-2D8DC788DADA}.Debug|x86.ActiveCfg = Debug|Win32
		{EB7B5B52-C171-4CC1-BA81-2D8DC788DADA}.Debug|x86.Build.0 = Debug|Win32
		{EB7B5B52-C171-4CC1-BA81-2D8DC788DADA}.Release|x64.ActiveCfg = Release|x64
		{EB7B5B52-C171-4CC1-BA81-2D8DC788DADA}.Release|x64.Build.0 = Release|x64
		{EB7B5B52-C171-4CC1-BA81-2D8DC788DADA}.Release|x86.ActiveCfg = Release|Win32
		{EB7B5B52-C171-4CC1-BA81-2D8DC788DADA}.Release|x86.Build.0 = Release|Win32
		{262D8FDF-D69D-4204-9144-54F92756D021}.Debug|x64.ActiveCfg = Debug|x64
		{262D8FDF-D69D-4204-9144-54F92756D021}.Debug|x64.Build.0 = Debug|x64
		{262D8FDF-D69D-4204-9144-54F92756D021}.Debug|x86.ActiveCfg = Debug|Win32
		{262D8FDF-D69D-4204-9144-54F92756D021}.Debug|x86.Build.0 = Debug|Win32
		{262D8FDF-D69D-4204-9144-54F92756D021}.Release|x64.ActiveCfg = Release|x64
		{262D8FDF-D69D-4204-9144-54F92756D021}.Release|x64.Build.0 = Release|x64
		{262D8FDF-D69D-4204-9144-54F92756D021}.Release|x86.ActiveCfg = Release|Win32
		{262D8FDF-D69D-4204-9144-54F92756D021}.Release|x86.Build.0 = Release|Win32
	EndGlobalSection
	GlobalSection(SolutionProperties) = preSolution
		HideSolutionNode = FALSE
	EndGlobalSection
	GlobalSection(ExtensibilityGlobals) = postSolution
		SolutionGuid = {69770BAD-8E08-440F-9C98-603CC6B51699}
	EndGlobalSection
EndGlobal
